
Microsoft Visual Studio Solution File, Format Version 12.00
# Visual Studio 14
VisualStudioVersion = 14.0.25123.0
MinimumVisualStudioVersion = 10.0.40219.1
Project("{8BC9CEB8-8B4A-11D0-8D11-00A0C91BC942}") = "ex02", "1551020_Week02\1551020_Week02.vcxproj", "{106C71C6-174D-4A89-897F-FB3E9F6E23F0}"
EndProject
Project("{8BC9CEB8-8B4A-11D0-8D11-00A0C91BC942}") = "ex03", "ex03\ex03.vcxproj", "{44CFD105-6E23-4E2A-8B57-AB17539DDB1B}"
EndProject
Project("{8BC9CEB8-8B4A-11D0-8D11-00A0C91BC942}") = "ex04", "ex04\ex04.vcxproj", "{610C1EB9-AA17-4489-865C-BB2CA3B50E13}"
EndProject
Global
	GlobalSection(SolutionConfigurationPlatforms) = preSolution
		Debug|x64 = Debug|x64
		Debug|x86 = Debug|x86
		Release|x64 = Release|x64
		Release|x86 = Release|x86
	EndGlobalSection
	GlobalSection(ProjectConfigurationPlatforms) = postSolution
		{106C71C6-174D-4A89-897F-FB3E9F6E23F0}.Debug|x64.ActiveCfg = Debug|x64
		{106C71C6-174D-4A89-897F-FB3E9F6E23F0}.Debug|x64.Build.0 = Debug|x64
		{106C71C6-174D-4A89-897F-FB3E9F6E23F0}.Debug|x86.ActiveCfg = Debug|Win32
		{106C71C6-174D-4A89-897F-FB3E9F6E23F0}.Debug|x86.Build.0 = Debug|Win32
		{106C71C6-174D-4A89-897F-FB3E9F6E23F0}.Release|x64.ActiveCfg = Release|x64
		{106C71C6-174D-4A89-897F-FB3E9F6E23F0}.Release|x64.Build.0 = Release|x64
		{106C71C6-174D-4A89-897F-FB3E9F6E23F0}.Release|x86.ActiveCfg = Release|Win32
		{106C71C6-174D-4A89-897F-FB3E9F6E23F0}.Release|x86.Build.0 = Release|Win32
		{44CFD105-6E23-4E2A-8B57-AB17539DDB1B}.Debug|x64.ActiveCfg = Debug|x64
		{44CFD105-6E23-4E2A-8B57-AB17539DDB1B}.Debug|x64.Build.0 = Debug|x64
		{44CFD105-6E23-4E2A-8B57-AB17539DDB1B}.Debug|x86.ActiveCfg = Debug|Win32
		{44CFD105-6E23-4E2A-8B57-AB17539DDB1B}.Debug|x86.Build.0 = Debug|Win32
		{44CFD105-6E23-4E2A-8B57-AB17539DDB1B}.Release|x64.ActiveCfg = Release|x64
		{44CFD105-6E23-4E2A-8B57-AB17539DDB1B}.Release|x64.Build.0 = Release|x64
		{44CFD105-6E23-4E2A-8B57-AB17539DDB1B}.Release|x86.ActiveCfg = Release|Win32
		{44CFD105-6E23-4E2A-8B57-AB17539DDB1B}.Release|x86.Build.0 = Release|Win32
		{610C1EB9-AA17-4489-865C-BB2CA3B50E13}.Debug|x64.ActiveCfg = Debug|x64
		{610C1EB9-AA17-4489-865C-BB2CA3B50E13}.Debug|x64.Build.0 = Debug|x64
		{610C1EB9-AA17-4489-865C-BB2CA3B50E13}.Debug|x86.ActiveCfg = Debug|Win32
		{610C1EB9-AA17-4489-865C-BB2CA3B50E13}.Debug|x86.Build.0 = Debug|Win32
		{610C1EB9-AA17-4489-865C-BB2CA3B50E13}.Release|x64.ActiveCfg = Release|x64
		{610C1EB9-AA17-4489-865C-BB2CA3B50E13}.Release|x64.Build.0 = Release|x64
		{610C1EB9-AA17-4489-865C-BB2CA3B50E13}.Release|x86.ActiveCfg = Release|Win32
		{610C1EB9-AA17-4489-865C-BB2CA3B50E13}.Release|x86.Build.0 = Release|Win32
	EndGlobalSection
	GlobalSection(SolutionProperties) = preSolution
		HideSolutionNode = FALSE
	EndGlobalSection
EndGlobal
